
Microsoft Visual Studio Solution File, Format Version 12.00
# Visual Studio Version 17
VisualStudioVersion = 17.13.35919.96
MinimumVisualStudioVersion = 10.0.40219.1
Project("{FAE04EC0-301F-11D3-BF4B-00C04F79EFBC}") = "CNN For Digits", "CNN For Digits\CNN For Digits.csproj", "{8A43948B-B817-4C42-B3EC-61497F4C27C2}"
EndProject
Project("{FAE04EC0-301F-11D3-BF4B-00C04F79EFBC}") = "Neural Network", "Neural Network\Neural Network.csproj", "{BDCC4513-30EA-47D6-B977-E7CBAC464095}"
EndProject
Project("{FAE04EC0-301F-11D3-BF4B-00C04F79EFBC}") = "TempTest", "TempTest\TempTest.csproj", "{77B091E0-AD1F-4B2D-AD26-6B4E63C27CD4}"
EndProject
Global
	GlobalSection(SolutionConfigurationPlatforms) = preSolution
		Debug|Any CPU = Debug|Any CPU
		Release|Any CPU = Release|Any CPU
	EndGlobalSection
	GlobalSection(ProjectConfigurationPlatforms) = postSolution
		{8A43948B-B817-4C42-B3EC-61497F4C27C2}.Debug|Any CPU.ActiveCfg = Debug|Any CPU
		{8A43948B-B817-4C42-B3EC-61497F4C27C2}.Debug|Any CPU.Build.0 = Debug|Any CPU
		{8A43948B-B817-4C42-B3EC-61497F4C27C2}.Release|Any CPU.ActiveCfg = Release|Any CPU
		{8A43948B-B817-4C42-B3EC-61497F4C27C2}.Release|Any CPU.Build.0 = Release|Any CPU
		{BDCC4513-30EA-47D6-B977-E7CBAC464095}.Debug|Any CPU.ActiveCfg = Debug|Any CPU
		{BDCC4513-30EA-47D6-B977-E7CBAC464095}.Debug|Any CPU.Build.0 = Debug|Any CPU
		{BDCC4513-30EA-47D6-B977-E7CBAC464095}.Release|Any CPU.ActiveCfg = Release|Any CPU
		{BDCC4513-30EA-47D6-B977-E7CBAC464095}.Release|Any CPU.Build.0 = Release|Any CPU
		{77B091E0-AD1F-4B2D-AD26-6B4E63C27CD4}.Debug|Any CPU.ActiveCfg = Debug|Any CPU
		{77B091E0-AD1F-4B2D-AD26-6B4E63C27CD4}.Debug|Any CPU.Build.0 = Debug|Any CPU
		{77B091E0-AD1F-4B2D-AD26-6B4E63C27CD4}.Release|Any CPU.ActiveCfg = Release|Any CPU
		{77B091E0-AD1F-4B2D-AD26-6B4E63C27CD4}.Release|Any CPU.Build.0 = Release|Any CPU
	EndGlobalSection
	GlobalSection(SolutionProperties) = preSolution
		HideSolutionNode = FALSE
	EndGlobalSection
	GlobalSection(ExtensibilityGlobals) = postSolution
		SolutionGuid = {F5F8D736-C938-4962-B84A-3114209C3682}
	EndGlobalSection
EndGlobal
